# This file is automatically @generated by Cargo.
# It is not intended for manual editing.
version = 4

[[package]]
name = "kutamun"
version = "0.1.0"
dependencies = [
 "vector-x",
]

[[package]]
name = "vector-x"
version = "0.1.3"
source = "registry+https://github.com/rust-lang/crates.io-index"
checksum = "7e35f07fc4a7420f242c176de8208dbd4879c8d7f3e44f974e04f28e02c1439f"
